// !$*UTF8*$!
{
	archiveVersion = 1;
	classes = {
	};
	objectVersion = 48;
	objects = {

/* Begin PBXBuildFile section */
		FA0BB27E212D060900235444 /* AppDelegate.swift in Sources */ = {isa = PBXBuildFile; fileRef = FA0BB27D212D060900235444 /* AppDelegate.swift */; };
		FA0BB280212D060900235444 /* ViewController.swift in Sources */ = {isa = PBXBuildFile; fileRef = FA0BB27F212D060900235444 /* ViewController.swift */; };
		FA0BB283212D060900235444 /* Main.storyboard in Resources */ = {isa = PBXBuildFile; fileRef = FA0BB281212D060900235444 /* Main.storyboard */; };
		FA0BB285212D060900235444 /* Assets.xcassets in Resources */ = {isa = PBXBuildFile; fileRef = FA0BB284212D060900235444 /* Assets.xcassets */; };
		FA0BB288212D060900235444 /* LaunchScreen.storyboard in Resources */ = {isa = PBXBuildFile; fileRef = FA0BB286212D060900235444 /* LaunchScreen.storyboard */; };
		FA0BB29A212D0D7500235444 /* 绿-0@3x.png in Resources */ = {isa = PBXBuildFile; fileRef = FA0BB290212D0D7500235444 /* 绿-0@3x.png */; };
		FA0BB29B212D0D7500235444 /* 绿-1@3x.png in Resources */ = {isa = PBXBuildFile; fileRef = FA0BB291212D0D7500235444 /* 绿-1@3x.png */; };
		FA0BB29C212D0D7500235444 /* 绿-2@3x.png in Resources */ = {isa = PBXBuildFile; fileRef = FA0BB292212D0D7500235444 /* 绿-2@3x.png */; };
		FA0BB29D212D0D7500235444 /* 绿-3@3x.png in Resources */ = {isa = PBXBuildFile; fileRef = FA0BB293212D0D7500235444 /* 绿-3@3x.png */; };
		FA0BB29E212D0D7500235444 /* 绿-4@3x.png in Resources */ = {isa = PBXBuildFile; fileRef = FA0BB294212D0D7500235444 /* 绿-4@3x.png */; };
		FA0BB29F212D0D7500235444 /* 绿-5@3x.png in Resources */ = {isa = PBXBuildFile; fileRef = FA0BB295212D0D7500235444 /* 绿-5@3x.png */; };
		FA0BB2A0212D0D7500235444 /* 绿-6@3x.png in Resources */ = {isa = PBXBuildFile; fileRef = FA0BB296212D0D7500235444 /* 绿-6@3x.png */; };
		FA0BB2A1212D0D7500235444 /* 绿-7@3x.png in Resources */ = {isa = PBXBuildFile; fileRef = FA0BB297212D0D7500235444 /* 绿-7@3x.png */; };
		FA0BB2A2212D0D7500235444 /* 绿-8@3x.png in Resources */ = {isa = PBXBuildFile; fileRef = FA0BB298212D0D7500235444 /* 绿-8@3x.png */; };
		FA0BB2A3212D0D7500235444 /* 绿-9@3x.png in Resources */ = {isa = PBXBuildFile; fileRef = FA0BB299212D0D7500235444 /* 绿-9@3x.png */; };
/* End PBXBuildFile section */

/* Begin PBXFileReference section */
		FA0BB27A212D060900235444 /* Swift_HigherOrderFunction_caculateFileSize.app */ = {isa = PBXFileReference; explicitFileType = wrapper.application; includeInIndex = 0; path = Swift_HigherOrderFunction_caculateFileSize.app; sourceTree = BUILT_PRODUCTS_DIR; };
		FA0BB27D212D060900235444 /* AppDelegate.swift */ = {isa = PBXFileReference; lastKnownFileType = sourcecode.swift; path = AppDelegate.swift; sourceTree = "<group>"; };
		FA0BB27F212D060900235444 /* ViewController.swift */ = {isa = PBXFileReference; lastKnownFileType = sourcecode.swift; path = ViewController.swift; sourceTree = "<group>"; };
		FA0BB282212D060900235444 /* Base */ = {isa = PBXFileReference; lastKnownFileType = file.storyboard; name = Base; path = Base.lproj/Main.storyboard; sourceTree = "<group>"; };
		FA0BB284212D060900235444 /* Assets.xcassets */ = {isa = PBXFileReference; lastKnownFileType = folder.assetcatalog; path = Assets.xcassets; sourceTree = "<group>"; };
		FA0BB287212D060900235444 /* Base */ = {isa = PBXFileReference; lastKnownFileType = file.storyboard; name = Base; path = Base.lproj/LaunchScreen.storyboard; sourceTree = "<group>"; };
		FA0BB289212D060900235444 /* Info.plist */ = {isa = PBXFileReference; lastKnownFileType = text.plist.xml; path = Info.plist; sourceTree = "<group>"; };
		FA0BB290212D0D7500235444 /* 绿-0@3x.png */ = {isa = PBXFileReference; lastKnownFileType = image.png; path = "绿-0@3x.png"; sourceTree = "<group>"; };
		FA0BB291212D0D7500235444 /* 绿-1@3x.png */ = {isa = PBXFileReference; lastKnownFileType = image.png; path = "绿-1@3x.png"; sourceTree = "<group>"; };
		FA0BB292212D0D7500235444 /* 绿-2@3x.png */ = {isa = PBXFileReference; lastKnownFileType = image.png; path = "绿-2@3x.png"; sourceTree = "<group>"; };
		FA0BB293212D0D7500235444 /* 绿-3@3x.png */ = {isa = PBXFileReference; lastKnownFileType = image.png; path = "绿-3@3x.png"; sourceTree = "<group>"; };
		FA0BB294212D0D7500235444 /* 绿-4@3x.png */ = {isa = PBXFileReference; lastKnownFileType = image.png; path = "绿-4@3x.png"; sourceTree = "<group>"; };
		FA0BB295212D0D7500235444 /* 绿-5@3x.png */ = {isa = PBXFileReference; lastKnownFileType = image.png; path = "绿-5@3x.png"; sourceTree = "<group>"; };
		FA0BB296212D0D7500235444 /* 绿-6@3x.png */ = {isa = PBXFileReference; lastKnownFileType = image.png; path = "绿-6@3x.png"; sourceTree = "<group>"; };
		FA0BB297212D0D7500235444 /* 绿-7@3x.png */ = {isa = PBXFileReference; lastKnownFileType = image.png; path = "绿-7@3x.png"; sourceTree = "<group>"; };
		FA0BB298212D0D7500235444 /* 绿-8@3x.png */ = {isa = PBXFileReference; lastKnownFileType = image.png; path = "绿-8@3x.png"; sourceTree = "<group>"; };
		FA0BB299212D0D7500235444 /* 绿-9@3x.png */ = {isa = PBXFileReference; lastKnownFileType = image.png; path = "绿-9@3x.png"; sourceTree = "<group>"; };
/* End PBXFileReference section */

/* Begin PBXFrameworksBuildPhase section */
		FA0BB277212D060900235444 /* Frameworks */ = {
			isa = PBXFrameworksBuildPhase;
			buildActionMask = 2147483647;
			files = (
			);
			runOnlyForDeploymentPostprocessing = 0;
		};
/* End PBXFrameworksBuildPhase section */

/* Begin PBXGroup section */
		FA0BB271212D060900235444 = {
			isa = PBXGroup;
			children = (
				FA0BB27C212D060900235444 /* Swift_HigherOrderFunction_caculateFileSize */,
				FA0BB27B212D060900235444 /* Products */,
			);
			sourceTree = "<group>";
		};
		FA0BB27B212D060900235444 /* Products */ = {
			isa = PBXGroup;
			children = (
				FA0BB27A212D060900235444 /* Swift_HigherOrderFunction_caculateFileSize.app */,
			);
			name = Products;
			sourceTree = "<group>";
		};
		FA0BB27C212D060900235444 /* Swift_HigherOrderFunction_caculateFileSize */ = {
			isa = PBXGroup;
			children = (
				FA0BB28F212D0D7500235444 /* Log */,
				FA0BB27D212D060900235444 /* AppDelegate.swift */,
				FA0BB27F212D060900235444 /* ViewController.swift */,
				FA0BB281212D060900235444 /* Main.storyboard */,
				FA0BB284212D060900235444 /* Assets.xcassets */,
				FA0BB286212D060900235444 /* LaunchScreen.storyboard */,
				FA0BB289212D060900235444 /* Info.plist */,
			);
			path = Swift_HigherOrderFunction_caculateFileSize;
			sourceTree = "<group>";
		};
		FA0BB28F212D0D7500235444 /* Log */ = {
			isa = PBXGroup;
			children = (
				FA0BB290212D0D7500235444 /* 绿-0@3x.png */,
				FA0BB291212D0D7500235444 /* 绿-1@3x.png */,
				FA0BB292212D0D7500235444 /* 绿-2@3x.png */,
				FA0BB293212D0D7500235444 /* 绿-3@3x.png */,
				FA0BB294212D0D7500235444 /* 绿-4@3x.png */,
				FA0BB295212D0D7500235444 /* 绿-5@3x.png */,
				FA0BB296212D0D7500235444 /* 绿-6@3x.png */,
				FA0BB297212D0D7500235444 /* 绿-7@3x.png */,
				FA0BB298212D0D7500235444 /* 绿-8@3x.png */,
				FA0BB299212D0D7500235444 /* 绿-9@3x.png */,
			);
			path = Log;
			sourceTree = "<group>";
		};
/* End PBXGroup section */

/* Begin PBXNativeTarget section */
		FA0BB279212D060900235444 /* Swift_HigherOrderFunction_caculateFileSize */ = {
			isa = PBXNativeTarget;
			buildConfigurationList = FA0BB28C212D060900235444 /* Build configuration list for PBXNativeTarget "Swift_HigherOrderFunction_caculateFileSize" */;
			buildPhases = (
				FA0BB276212D060900235444 /* Sources */,
				FA0BB277212D060900235444 /* Frameworks */,
				FA0BB278212D060900235444 /* Resources */,
			);
			buildRules = (
			);
			dependencies = (
			);
			name = Swift_HigherOrderFunction_caculateFileSize;
			productName = Swift_HigherOrderFunction_caculateFileSize;
			productReference = FA0BB27A212D060900235444 /* Swift_HigherOrderFunction_caculateFileSize.app */;
			productType = "com.apple.product-type.application";
		};
/* End PBXNativeTarget section */

/* Begin PBXProject section */
		FA0BB272212D060900235444 /* Project object */ = {
			isa = PBXProject;
			attributes = {
				LastSwiftUpdateCheck = 0920;
				LastUpgradeCheck = 0920;
				ORGANIZATIONNAME = macbook;
				TargetAttributes = {
					FA0BB279212D060900235444 = {
						CreatedOnToolsVersion = 9.2;
						ProvisioningStyle = Automatic;
					};
				};
			};
			buildConfigurationList = FA0BB275212D060900235444 /* Build configuration list for PBXProject "Swift_HigherOrderFunction_caculateFileSize" */;
			compatibilityVersion = "Xcode 8.0";
			developmentRegion = en;
			hasScannedForEncodings = 0;
			knownRegions = (
				en,
				Base,
			);
			mainGroup = FA0BB271212D060900235444;
			productRefGroup = FA0BB27B212D060900235444 /* Products */;
			projectDirPath = "";
			projectRoot = "";
			targets = (
				FA0BB279212D060900235444 /* Swift_HigherOrderFunction_caculateFileSize */,
			);
		};
/* End PBXProject section */

/* Begin PBXResourcesBuildPhase section */
		FA0BB278212D060900235444 /* Resources */ = {
			isa = PBXResourcesBuildPhase;
			buildActionMask = 2147483647;
			files = (
				FA0BB2A2212D0D7500235444 /* 绿-8@3x.png in Resources */,
				FA0BB2A0212D0D7500235444 /* 绿-6@3x.png in Resources */,
				FA0BB29E212D0D7500235444 /* 绿-4@3x.png in Resources */,
				FA0BB29F212D0D7500235444 /* 绿-5@3x.png in Resources */,
				FA0BB29B212D0D7500235444 /* 绿-1@3x.png in Resources */,
				FA0BB29A212D0D7500235444 /* 绿-0@3x.png in Resources */,
				FA0BB288212D060900235444 /* LaunchScreen.storyboard in Resources */,
				FA0BB285212D060900235444 /* Assets.xcassets in Resources */,
				FA0BB29D212D0D7500235444 /* 绿-3@3x.png in Resources */,
				FA0BB29C212D0D7500235444 /* 绿-2@3x.png in Resources */,
				FA0BB2A3212D0D7500235444 /* 绿-9@3x.png in Resources */,
				FA0BB283212D060900235444 /* Main.storyboard in Resources */,
				FA0BB2A1212D0D7500235444 /* 绿-7@3x.png in Resources */,
			);
			runOnlyForDeploymentPostprocessing = 0;
		};
/* End PBXResourcesBuildPhase section */

/* Begin PBXSourcesBuildPhase section */
		FA0BB276212D060900235444 /* Sources */ = {
			isa = PBXSourcesBuildPhase;
			buildActionMask = 2147483647;
			files = (
				FA0BB280212D060900235444 /* ViewController.swift in Sources */,
				FA0BB27E212D060900235444 /* AppDelegate.swift in Sources */,
			);
			runOnlyForDeploymentPostprocessing = 0;
		};
/* End PBXSourcesBuildPhase section */

/* Begin PBXVariantGroup section */
		FA0BB281212D060900235444 /* Main.storyboard */ = {
			isa = PBXVariantGroup;
			children = (
				FA0BB282212D060900235444 /* Base */,
			);
			name = Main.storyboard;
			sourceTree = "<group>";
		};
		FA0BB286212D060900235444 /* LaunchScreen.storyboard */ = {
			isa = PBXVariantGroup;
			children = (
				FA0BB287212D060900235444 /* Base */,
			);
			name = LaunchScreen.storyboard;
			sourceTree = "<group>";
		};
/* End PBXVariantGroup section */

/* Begin XCBuildConfiguration section */
		FA0BB28A212D060900235444 /* Debug */ = {
			isa = XCBuildConfiguration;
			buildSettings = {
				ALWAYS_SEARCH_USER_PATHS = NO;
				CLANG_ANALYZER_NONNULL = YES;
				CLANG_ANALYZER_NUMBER_OBJECT_CONVERSION = YES_AGGRESSIVE;
				CLANG_CXX_LANGUAGE_STANDARD = "gnu++14";
				CLANG_CXX_LIBRARY = "libc++";
				CLANG_ENABLE_MODULES = YES;
				CLANG_ENABLE_OBJC_ARC = YES;
				CLANG_WARN_BLOCK_CAPTURE_AUTORELEASING = YES;
				CLANG_WARN_BOOL_CONVERSION = YES;
				CLANG_WARN_COMMA = YES;
				CLANG_WARN_CONSTANT_CONVERSION = YES;
				CLANG_WARN_DIRECT_OBJC_ISA_USAGE = YES_ERROR;
				CLANG_WARN_DOCUMENTATION_COMMENTS = YES;
				CLANG_WARN_EMPTY_BODY = YES;
				CLANG_WARN_ENUM_CONVERSION = YES;
				CLANG_WARN_INFINITE_RECURSION = YES;
				CLANG_WARN_INT_CONVERSION = YES;
				CLANG_WARN_NON_LITERAL_NULL_CONVERSION = YES;
				CLANG_WARN_OBJC_LITERAL_CONVERSION = YES;
				CLANG_WARN_OBJC_ROOT_CLASS = YES_ERROR;
				CLANG_WARN_RANGE_LOOP_ANALYSIS = YES;
				CLANG_WARN_STRICT_PROTOTYPES = YES;
				CLANG_WARN_SUSPICIOUS_MOVE = YES;
				CLANG_WARN_UNGUARDED_AVAILABILITY = YES_AGGRESSIVE;
				CLANG_WARN_UNREACHABLE_CODE = YES;
				CLANG_WARN__DUPLICATE_METHOD_MATCH = YES;
				CODE_SIGN_IDENTITY = "iPhone Developer";
				COPY_PHASE_STRIP = NO;
				DEBUG_INFORMATION_FORMAT = dwarf;
				ENABLE_STRICT_OBJC_MSGSEND = YES;
				ENABLE_TESTABILITY = YES;
				GCC_C_LANGUAGE_STANDARD = gnu11;
				GCC_DYNAMIC_NO_PIC = NO;
				GCC_NO_COMMON_BLOCKS = YES;
				GCC_OPTIMIZATION_LEVEL = 0;
				GCC_PREPROCESSOR_DEFINITIONS = (
					"DEBUG=1",
					"$(inherited)",
				);
				GCC_WARN_64_TO_32_BIT_CONVERSION = YES;
				GCC_WARN_ABOUT_RETURN_TYPE = YES_ERROR;
				GCC_WARN_UNDECLARED_SELECTOR = YES;
				GCC_WARN_UNINITIALIZED_AUTOS = YES_AGGRESSIVE;
				GCC_WARN_UNUSED_FUNCTION = YES;
				GCC_WARN_UNUSED_VARIABLE = YES;
				IPHONEOS_DEPLOYMENT_TARGET = 11.2;
				MTL_ENABLE_DEBUG_INFO = YES;
				ONLY_ACTIVE_ARCH = YES;
				SDKROOT = iphoneos;
				SWIFT_ACTIVE_COMPILATION_CONDITIONS = DEBUG;
				SWIFT_OPTIMIZATION_LEVEL = "-Onone";
			};
			name = Debug;
		};
		FA0BB28B212D060900235444 /* Release */ = {
			isa = XCBuildConfiguration;
			buildSettings = {
				ALWAYS_SEARCH_USER_PATHS = NO;
				CLANG_ANALYZER_NONNULL = YES;
				CLANG_ANALYZER_NUMBER_OBJECT_CONVERSION = YES_AGGRESSIVE;
				CLANG_CXX_LANGUAGE_STANDARD = "gnu++14";
				CLANG_CXX_LIBRARY = "libc++";
				CLANG_ENABLE_MODULES = YES;
				CLANG_ENABLE_OBJC_ARC = YES;
				CLANG_WARN_BLOCK_CAPTURE_AUTORELEASING = YES;
				CLANG_WARN_BOOL_CONVERSION = YES;
				CLANG_WARN_COMMA = YES;
				CLANG_WARN_CONSTANT_CONVERSION = YES;
				CLANG_WARN_DIRECT_OBJC_ISA_USAGE = YES_ERROR;
				CLANG_WARN_DOCUMENTATION_COMMENTS = YES;
				CLANG_WARN_EMPTY_BODY = YES;
				CLANG_WARN_ENUM_CONVERSION = YES;
				CLANG_WARN_INFINITE_RECURSION = YES;
				CLANG_WARN_INT_CONVERSION = YES;
				CLANG_WARN_NON_LITERAL_NULL_CONVERSION = YES;
				CLANG_WARN_OBJC_LITERAL_CONVERSION = YES;
				CLANG_WARN_OBJC_ROOT_CLASS = YES_ERROR;
				CLANG_WARN_RANGE_LOOP_ANALYSIS = YES;
				CLANG_WARN_STRICT_PROTOTYPES = YES;
				CLANG_WARN_SUSPICIOUS_MOVE = YES;
				CLANG_WARN_UNGUARDED_AVAILABILITY = YES_AGGRESSIVE;
				CLANG_WARN_UNREACHABLE_CODE = YES;
				CLANG_WARN__DUPLICATE_METHOD_MATCH = YES;
				CODE_SIGN_IDENTITY = "iPhone Developer";
				COPY_PHASE_STRIP = NO;
				DEBUG_INFORMATION_FORMAT = "dwarf-with-dsym";
				ENABLE_NS_ASSERTIONS = NO;
				ENABLE_STRICT_OBJC_MSGSEND = YES;
				GCC_C_LANGUAGE_STANDARD = gnu11;
				GCC_NO_COMMON_BLOCKS = YES;
				GCC_WARN_64_TO_32_BIT_CONVERSION = YES;
				GCC_WARN_ABOUT_RETURN_TYPE = YES_ERROR;
				GCC_WARN_UNDECLARED_SELECTOR = YES;
				GCC_WARN_UNINITIALIZED_AUTOS = YES_AGGRESSIVE;
				GCC_WARN_UNUSED_FUNCTION = YES;
				GCC_WARN_UNUSED_VARIABLE = YES;
				IPHONEOS_DEPLOYMENT_TARGET = 11.2;
				MTL_ENABLE_DEBUG_INFO = NO;
				SDKROOT = iphoneos;
				SWIFT_OPTIMIZATION_LEVEL = "-Owholemodule";
				VALIDATE_PRODUCT = YES;
			};
			name = Release;
		};
		FA0BB28D212D060900235444 /* Debug */ = {
			isa = XCBuildConfiguration;
			buildSettings = {
				ASSETCATALOG_COMPILER_APPICON_NAME = AppIcon;
				CODE_SIGN_STYLE = Automatic;
				DEVELOPMENT_TEAM = 6M4VBTDKN2;
				INFOPLIST_FILE = Swift_HigherOrderFunction_caculateFileSize/Info.plist;
				IPHONEOS_DEPLOYMENT_TARGET = 10.0;
				LD_RUNPATH_SEARCH_PATHS = "$(inherited) @executable_path/Frameworks";
				PRODUCT_BUNDLE_IDENTIFIER = "lidong.Swift-HigherOrderFunction-caculateFileSize";
				PRODUCT_NAME = "$(TARGET_NAME)";
				SWIFT_VERSION = 4.0;
				TARGETED_DEVICE_FAMILY = "1,2";
			};
			name = Debug;
		};
		FA0BB28E212D060900235444 /* Release */ = {
			isa = XCBuildConfiguration;
			buildSettings = {
				ASSETCATALOG_COMPILER_APPICON_NAME = AppIcon;
				CODE_SIGN_STYLE = Automatic;
				DEVELOPMENT_TEAM = 6M4VBTDKN2;
				INFOPLIST_FILE = Swift_HigherOrderFunction_caculateFileSize/Info.plist;
				IPHONEOS_DEPLOYMENT_TARGET = 10.0;
				LD_RUNPATH_SEARCH_PATHS = "$(inherited) @executable_path/Frameworks";
				PRODUCT_BUNDLE_IDENTIFIER = "lidong.Swift-HigherOrderFunction-caculateFileSize";
				PRODUCT_NAME = "$(TARGET_NAME)";
				SWIFT_VERSION = 4.0;
				TARGETED_DEVICE_FAMILY = "1,2";
			};
			name = Release;
		};
/* End XCBuildConfiguration section */

/* Begin XCConfigurationList section */
		FA0BB275212D060900235444 /* Build configuration list for PBXProject "Swift_HigherOrderFunction_caculateFileSize" */ = {
			isa = XCConfigurationList;
			buildConfigurations = (
				FA0BB28A212D060900235444 /* Debug */,
				FA0BB28B212D060900235444 /* Release */,
			);
			defaultConfigurationIsVisible = 0;
			defaultConfigurationName = Release;
		};
		FA0BB28C212D060900235444 /* Build configuration list for PBXNativeTarget "Swift_HigherOrderFunction_caculateFileSize" */ = {
			isa = XCConfigurationList;
			buildConfigurations = (
				FA0BB28D212D060900235444 /* Debug */,
				FA0BB28E212D060900235444 /* Release */,
			);
			defaultConfigurationIsVisible = 0;
			defaultConfigurationName = Release;
		};
/* End XCConfigurationList section */
	};
	rootObject = FA0BB272212D060900235444 /* Project object */;
}
